
Microsoft Visual Studio Solution File, Format Version 11.00
# Visual Studio 2010
Project("{8BC9CEB8-8B4A-11D0-8D11-00A0C91BC942}") = "MUSHclient", "MUSHclient.vcxproj", "{A72BFD9B-2A5C-4509-BB92-593FF2C8CE95}"
EndProject
Global
	GlobalSection(SolutionConfigurationPlatforms) = preSolution
		Debug|Win32 = Debug|Win32
		Release|Win32 = Release|Win32
	EndGlobalSection
	GlobalSection(ProjectConfigurationPlatforms) = postSolution
		{A72BFD9B-2A5C-4509-BB92-593FF2C8CE95}.Debug|Win32.ActiveCfg = Debug|Win32
		{A72BFD9B-2A5C-4509-BB92-593FF2C8CE95}.Debug|Win32.Build.0 = Debug|Win32
		{A72BFD9B-2A5C-4509-BB92-593FF2C8CE95}.Release|Win32.ActiveCfg = Release|Win32
		{A72BFD9B-2A5C-4509-BB92-593FF2C8CE95}.Release|Win32.Build.0 = Release|Win32
	EndGlobalSection
	GlobalSection(SolutionProperties) = preSolution
		HideSolutionNode = FALSE
	EndGlobalSection
EndGlobal
